
Microsoft Visual Studio Solution File, Format Version 12.00
# Visual Studio Version 17
VisualStudioVersion = 17.11.35303.130
MinimumVisualStudioVersion = 10.0.40219.1
Project("{8BC9CEB8-8B4A-11D0-8D11-00A0C91BC942}") = "hotelli", "hotelli\hotelli.vcxproj", "{EB50A31C-E1BF-49D7-9D6B-50BC5D23C91C}"
EndProject
Global
	GlobalSection(SolutionConfigurationPlatforms) = preSolution
		Debug|x64 = Debug|x64
		Debug|x86 = Debug|x86
		Release|x64 = Release|x64
		Release|x86 = Release|x86
	EndGlobalSection
	GlobalSection(ProjectConfigurationPlatforms) = postSolution
		{EB50A31C-E1BF-49D7-9D6B-50BC5D23C91C}.Debug|x64.ActiveCfg = Debug|x64
		{EB50A31C-E1BF-49D7-9D6B-50BC5D23C91C}.Debug|x64.Build.0 = Debug|x64
		{EB50A31C-E1BF-49D7-9D6B-50BC5D23C91C}.Debug|x86.ActiveCfg = Debug|Win32
		{EB50A31C-E1BF-49D7-9D6B-50BC5D23C91C}.Debug|x86.Build.0 = Debug|Win32
		{EB50A31C-E1BF-49D7-9D6B-50BC5D23C91C}.Release|x64.ActiveCfg = Release|x64
		{EB50A31C-E1BF-49D7-9D6B-50BC5D23C91C}.Release|x64.Build.0 = Release|x64
		{EB50A31C-E1BF-49D7-9D6B-50BC5D23C91C}.Release|x86.ActiveCfg = Release|Win32
		{EB50A31C-E1BF-49D7-9D6B-50BC5D23C91C}.Release|x86.Build.0 = Release|Win32
	EndGlobalSection
	GlobalSection(SolutionProperties) = preSolution
		HideSolutionNode = FALSE
	EndGlobalSection
	GlobalSection(ExtensibilityGlobals) = postSolution
		SolutionGuid = {00C5316D-B4AE-4B5A-9474-1C06A0CEF632}
	EndGlobalSection
EndGlobal
